
Microsoft Visual Studio Solution File, Format Version 12.00
# Visual Studio 15
VisualStudioVersion = 15.0.28307.329
MinimumVisualStudioVersion = 10.0.40219.1
Project("{FAE04EC0-301F-11D3-BF4B-00C04F79EFBC}") = "CurtisPortfolio", "CurtisPortfolio\CurtisPortfolio.csproj", "{12FFD6D0-975B-4286-AFA1-BE94B3666EEF}"
EndProject
Global
	GlobalSection(SolutionConfigurationPlatforms) = preSolution
		Debug|Any CPU = Debug|Any CPU
		Release|Any CPU = Release|Any CPU
	EndGlobalSection
	GlobalSection(ProjectConfigurationPlatforms) = postSolution
		{12FFD6D0-975B-4286-AFA1-BE94B3666EEF}.Debug|Any CPU.ActiveCfg = Debug|Any CPU
		{12FFD6D0-975B-4286-AFA1-BE94B3666EEF}.Debug|Any CPU.Build.0 = Debug|Any CPU
		{12FFD6D0-975B-4286-AFA1-BE94B3666EEF}.Release|Any CPU.ActiveCfg = Release|Any CPU
		{12FFD6D0-975B-4286-AFA1-BE94B3666EEF}.Release|Any CPU.Build.0 = Release|Any CPU
	EndGlobalSection
	GlobalSection(SolutionProperties) = preSolution
		HideSolutionNode = FALSE
	EndGlobalSection
	GlobalSection(ExtensibilityGlobals) = postSolution
		SolutionGuid = {748A2688-40DE-4631-A919-11406305E3DB}
	EndGlobalSection
EndGlobal
